
Microsoft Visual Studio Solution File, Format Version 12.00
# Visual Studio Version 17
VisualStudioVersion = 17.5.33502.453
MinimumVisualStudioVersion = 10.0.40219.1
Project("{9A19103F-16F7-4668-BE54-9A1E7A4F7556}") = "CMS.API", "CMSAPI\CMS.API.csproj", "{AB1EACC1-50D5-482A-B240-5A6909222F0A}"
EndProject
Project("{9A19103F-16F7-4668-BE54-9A1E7A4F7556}") = "Contracts", "Contracts\Contracts.csproj", "{A8C83A15-E5A6-4BF5-8332-46EC2E05D881}"
EndProject
Project("{9A19103F-16F7-4668-BE54-9A1E7A4F7556}") = "Entities", "Entities\Entities.csproj", "{0B5BA2C0-133B-403C-9D7D-E0EF029B6DDE}"
EndProject
Project("{9A19103F-16F7-4668-BE54-9A1E7A4F7556}") = "Repository", "Repository\Repository.csproj", "{8FD6DACC-F7B8-4737-B45D-A5DC7675D6B5}"
EndProject
Project("{9A19103F-16F7-4668-BE54-9A1E7A4F7556}") = "CMS.WebAPI", "CMS.WebAPI\CMS.WebAPI.csproj", "{0D7DE21F-8B49-4450-9CF4-006157F6FC1D}"
EndProject
Global
	GlobalSection(SolutionConfigurationPlatforms) = preSolution
		Debug|Any CPU = Debug|Any CPU
		Release|Any CPU = Release|Any CPU
	EndGlobalSection
	GlobalSection(ProjectConfigurationPlatforms) = postSolution
		{AB1EACC1-50D5-482A-B240-5A6909222F0A}.Debug|Any CPU.ActiveCfg = Debug|Any CPU
		{AB1EACC1-50D5-482A-B240-5A6909222F0A}.Debug|Any CPU.Build.0 = Debug|Any CPU
		{AB1EACC1-50D5-482A-B240-5A6909222F0A}.Release|Any CPU.ActiveCfg = Release|Any CPU
		{AB1EACC1-50D5-482A-B240-5A6909222F0A}.Release|Any CPU.Build.0 = Release|Any CPU
		{A8C83A15-E5A6-4BF5-8332-46EC2E05D881}.Debug|Any CPU.ActiveCfg = Debug|Any CPU
		{A8C83A15-E5A6-4BF5-8332-46EC2E05D881}.Debug|Any CPU.Build.0 = Debug|Any CPU
		{A8C83A15-E5A6-4BF5-8332-46EC2E05D881}.Release|Any CPU.ActiveCfg = Release|Any CPU
		{A8C83A15-E5A6-4BF5-8332-46EC2E05D881}.Release|Any CPU.Build.0 = Release|Any CPU
		{0B5BA2C0-133B-403C-9D7D-E0EF029B6DDE}.Debug|Any CPU.ActiveCfg = Debug|Any CPU
		{0B5BA2C0-133B-403C-9D7D-E0EF029B6DDE}.Debug|Any CPU.Build.0 = Debug|Any CPU
		{0B5BA2C0-133B-403C-9D7D-E0EF029B6DDE}.Release|Any CPU.ActiveCfg = Release|Any CPU
		{0B5BA2C0-133B-403C-9D7D-E0EF029B6DDE}.Release|Any CPU.Build.0 = Release|Any CPU
		{8FD6DACC-F7B8-4737-B45D-A5DC7675D6B5}.Debug|Any CPU.ActiveCfg = Debug|Any CPU
		{8FD6DACC-F7B8-4737-B45D-A5DC7675D6B5}.Debug|Any CPU.Build.0 = Debug|Any CPU
		{8FD6DACC-F7B8-4737-B45D-A5DC7675D6B5}.Release|Any CPU.ActiveCfg = Release|Any CPU
		{8FD6DACC-F7B8-4737-B45D-A5DC7675D6B5}.Release|Any CPU.Build.0 = Release|Any CPU
		{0D7DE21F-8B49-4450-9CF4-006157F6FC1D}.Debug|Any CPU.ActiveCfg = Debug|Any CPU
		{0D7DE21F-8B49-4450-9CF4-006157F6FC1D}.Debug|Any CPU.Build.0 = Debug|Any CPU
		{0D7DE21F-8B49-4450-9CF4-006157F6FC1D}.Release|Any CPU.ActiveCfg = Release|Any CPU
		{0D7DE21F-8B49-4450-9CF4-006157F6FC1D}.Release|Any CPU.Build.0 = Release|Any CPU
	EndGlobalSection
	GlobalSection(SolutionProperties) = preSolution
		HideSolutionNode = FALSE
	EndGlobalSection
	GlobalSection(ExtensibilityGlobals) = postSolution
		SolutionGuid = {4968C953-D77F-4D95-A4A7-0FCCEC606F61}
	EndGlobalSection
EndGlobal
